{
  "nodes": {
    "nixpkgs": {
      "locked": {
        "lastModified": 1789487854,
        "narHash": "sha256-PJaz66qjbNLXjCVbjG9N+k89cPQocoYwokzH9XYM7SE=",
        "owner": "NixOS",
        "repo": "nixpkgs",
        "rev": "da24538e536da6d29998b4e5a6fda18762b463fd",
        "type": "github"
      },
      "original": {
        "id": "nixpkgs",
        "ref": "nixos-unstable",
        "type": "indirect"
      }
    },
    "root": {
      "inputs": {
        "nixpkgs": "nixpkgs"
      }
    }
  },
  "root": "root",
  "version": 7
}
